{
	"name": "@visual-framework/vf-video-container",
	"version": "0.0.32",
	"lockfileVersion": 1,
	"requires": true,
	"dependencies": {
		"@visual-framework/embl-grid": {
			"version": "0.0.31",
			"resolved": "https://registry.npmjs.org/@visual-framework/embl-grid/-/embl-grid-0.0.31.tgz",
			"integrity": "sha512-p+fWaTRuaELepTXZgGxROWWZW9zhDnDMoej5Ep9BYQH8D8epASg00fuUtCTjYoJXycvX9A49mxJNHUPLzjzpKA=="
		},
		"@visual-framework/vf-heading": {
			"version": "0.0.30",
			"resolved": "https://registry.npmjs.org/@visual-framework/vf-heading/-/vf-heading-0.0.30.tgz",
			"integrity": "sha512-3TGbA1tVcJ8RLcUU2uzCctZsMgsYDBUclyPvIIaROiIeKv+9Rk1wcfgAv7ABI9LrnkqWIECiqQPRi50SobPDSA=="
		},
		"@visual-framework/vf-link": {
			"version": "0.0.30",
			"resolved": "https://registry.npmjs.org/@visual-framework/vf-link/-/vf-link-0.0.30.tgz",
			"integrity": "sha512-QhpDQnhOYNbjNmpW91STGJ1RmHJIAuWgGGfdrjJMjJip5KlrSRGqC4qjsFd54uvJ4skNOGTOgf3kaIBZbuOArQ=="
		},
		"@visual-framework/vf-section-header": {
			"version": "0.0.31",
			"resolved": "https://registry.npmjs.org/@visual-framework/vf-section-header/-/vf-section-header-0.0.31.tgz",
			"integrity": "sha512-+eRY06ONrcSdvMH/3kg7lPewshwUyyq0z89GD2SFEtwA1rrJi/NKlT39ONcv1yd4eRlLo5CLefF9N4meaHOiWw==",
			"requires": {
				"@visual-framework/vf-heading": "^0.0.30"
			}
		},
		"@visual-framework/vf-video": {
			"version": "0.0.30",
			"resolved": "https://registry.npmjs.org/@visual-framework/vf-video/-/vf-video-0.0.30.tgz",
			"integrity": "sha512-suaP/AzHmc9qOGwsZU6QOhBt9QzAiYGDa9byHGRe9A1DJl6CqxnQ4YVoRui/NLIruj9pnG8yrYDXYfv79MLlIQ=="
		},
		"@visual-framework/vf-video-teaser": {
			"version": "0.0.31",
			"resolved": "https://registry.npmjs.org/@visual-framework/vf-video-teaser/-/vf-video-teaser-0.0.31.tgz",
			"integrity": "sha512-ghD54WY00290BWfgMro2t4oKyUQTghqsYQv3o7WQDyRs7W6/BLl7Umj0ZqJqziwIm1mnaj1Bxi827GRiQo82Wg==",
			"requires": {
				"@visual-framework/vf-heading": "^0.0.30",
				"@visual-framework/vf-link": "^0.0.30"
			}
		}
	}
}
