# THIS IS AN AUTOGENERATED FILE. DO NOT EDIT THIS FILE DIRECTLY.
# yarn lockfile v1


"@visual-framework/embl-grid@^0.0.37":
  version "0.0.37"
  resolved "https://registry.yarnpkg.com/@visual-framework/embl-grid/-/embl-grid-0.0.37.tgz#e8ce40c7114575ab293c3eb0f5e1b0e53c2bb7eb"

"@visual-framework/vf-heading@^0.0.36":
  version "0.0.36"
  resolved "https://registry.yarnpkg.com/@visual-framework/vf-heading/-/vf-heading-0.0.36.tgz#8edff885062437cb344cf624eee1f4b8ef8f4da5"

"@visual-framework/vf-link@^0.0.36":
  version "0.0.36"
  resolved "https://registry.yarnpkg.com/@visual-framework/vf-link/-/vf-link-0.0.36.tgz#5f62b4a37b19641220882aa2f93077322cec9744"

"@visual-framework/vf-section-header@^0.0.37":
  version "0.0.37"
  resolved "https://registry.yarnpkg.com/@visual-framework/vf-section-header/-/vf-section-header-0.0.37.tgz#c2b77b210dba7640cf6f60486e169882f31f0a3c"
  dependencies:
    "@visual-framework/vf-heading" "^0.0.36"

"@visual-framework/vf-video-teaser@^0.0.37":
  version "0.0.37"
  resolved "https://registry.yarnpkg.com/@visual-framework/vf-video-teaser/-/vf-video-teaser-0.0.37.tgz#f5d8fa57de6e66fc87d6726aaf927eb757457280"
  dependencies:
    "@visual-framework/vf-heading" "^0.0.36"
    "@visual-framework/vf-link" "^0.0.36"

"@visual-framework/vf-video@^0.0.36":
  version "0.0.36"
  resolved "https://registry.yarnpkg.com/@visual-framework/vf-video/-/vf-video-0.0.36.tgz#8ee51438ea8c6811ed43b914052266e47c500ffd"
