# THIS IS AN AUTOGENERATED FILE. DO NOT EDIT THIS FILE DIRECTLY.
# yarn lockfile v1


husky@5.2.0:
  version "5.2.0"
  resolved "https://registry.yarnpkg.com/husky/-/husky-5.2.0.tgz#fc5e1c2300d34855d47de4753607d00943fc0802"
  integrity sha512-AM8T/auHXRBxlrfPVLKP6jt49GCM2Zz47m8G3FOMsLmTv8Dj/fKVWE0Rh2d4Qrvmy131xEsdQnb3OXRib67PGg==
