# THIS IS AN AUTOGENERATED FILE. DO NOT EDIT THIS FILE DIRECTLY.
# yarn lockfile v1


"@visual-framework/vf-form__checkbox@^1.0.0-alpha.1":
  version "1.0.0-alpha.1"
  resolved "https://registry.yarnpkg.com/@visual-framework/vf-form__checkbox/-/vf-form__checkbox-1.0.0-alpha.1.tgz#bde5b080151cc0881e9f434b2396bb9317bebc3a"
  integrity sha512-dnE8HrrZ/cf3kDa/ZnwyNsE/IAAsI5GQDrcC76X3HDqrDx/QUeP9Svb6msZvYG4v3WClUOFKTL49oVDo8GEhmQ==
  dependencies:
    "@visual-framework/vf-form__item" "^0.0.38"
    "@visual-framework/vf-form__label" "^0.0.34"

"@visual-framework/vf-form__helper@^0.0.37":
  version "0.0.37"
  resolved "https://registry.yarnpkg.com/@visual-framework/vf-form__helper/-/vf-form__helper-0.0.37.tgz#957c59e0cb889481503fc2b553331e26b639bd95"
  integrity sha512-tTPVJ5DmN0RmyJmPk8YvSD+NKSJPyht2MjTe+h4I1AdyNir9PtZAYvsO1RjwiMM3kohbEr1uU4iecCLnau1LBw==

"@visual-framework/vf-form__helper@^1.0.0-alpha.1":
  version "1.0.0-alpha.1"
  resolved "https://registry.yarnpkg.com/@visual-framework/vf-form__helper/-/vf-form__helper-1.0.0-alpha.1.tgz#1d3605e67dd40175f2631158a03134262069d5c1"
  integrity sha512-6DkqqJ2HJDtrUKmuwPdtXL2R/s2ULa7IAfjvHaTnj6U5INRk/3gOVF+zNSu7EhFLjwKXywIB6IUkI0HBl6vFwA==

"@visual-framework/vf-form__input@^1.0.0-alpha.1":
  version "1.0.0-alpha.1"
  resolved "https://registry.yarnpkg.com/@visual-framework/vf-form__input/-/vf-form__input-1.0.0-alpha.1.tgz#6b343e69ea950dca253f21b5adc8d0d0dd7a1bc7"
  integrity sha512-6bb/Z2z0UTiWAK2S52ja42xH/8Ztgc7Qa5dNHuJ3UP8BHAaBXFHXdC9dU9CIUYv+WEXEVGeSDG+pbHB1bDZRdg==
  dependencies:
    "@visual-framework/vf-form__item" "^0.0.38"
    "@visual-framework/vf-form__label" "^0.0.34"

"@visual-framework/vf-form__item@^0.0.38":
  version "0.0.38"
  resolved "https://registry.yarnpkg.com/@visual-framework/vf-form__item/-/vf-form__item-0.0.38.tgz#6966825b88af016bc60460884bb679250bb97758"
  integrity sha512-ATPUM/Hvq+a736UYHT4jPzHvZjmgr41ei5SerRmUG1W4Qa8tbpRlqlzphPd/TF0eeG+PkUmqyVxos7CUbzpUSA==
  dependencies:
    "@visual-framework/vf-form__helper" "^0.0.37"
    "@visual-framework/vf-form__label" "^0.0.34"

"@visual-framework/vf-form__item@^1.0.0-alpha.1":
  version "1.0.0-alpha.1"
  resolved "https://registry.yarnpkg.com/@visual-framework/vf-form__item/-/vf-form__item-1.0.0-alpha.1.tgz#9ecd53183e65fbff876351e3a827462b0b48d962"
  integrity sha512-d/Dnv7wx3MW1FMf7nowjrV/5raHcFKJvrdEP3yc/Hs/NcCIGISMuuOI3hLUhltdfLx5ULkYr5E30m43M1jDAvA==
  dependencies:
    "@visual-framework/vf-form__helper" "^0.0.37"
    "@visual-framework/vf-form__label" "^0.0.34"

"@visual-framework/vf-form__label@^0.0.34":
  version "0.0.34"
  resolved "https://registry.yarnpkg.com/@visual-framework/vf-form__label/-/vf-form__label-0.0.34.tgz#b3b996b477cfef4e8f9414abce5018e5a7c1353e"
  integrity sha512-QdwSEptrdlqTLbX0/4gYU2yrBzPt6Ulke0hsnvl3KMG4l0tDU3/+mDS9FsboYxG57P3HxvC4moRuDNea/dXqJQ==

"@visual-framework/vf-form__label@^1.0.0-alpha.1":
  version "1.0.0-alpha.1"
  resolved "https://registry.yarnpkg.com/@visual-framework/vf-form__label/-/vf-form__label-1.0.0-alpha.1.tgz#ac24c4288399435d53ea1f2efb2f5708a7923093"
  integrity sha512-oUm4e4aObfnZmefzM2VMl3Go94e57U8tiKBGod561OZrtKLJXUR2Zh+E7JYtKACH4ZQYdB3ltHyp8YnRpjDF5Q==

"@visual-framework/vf-form__radio@^1.0.0-alpha.1":
  version "1.0.0-alpha.1"
  resolved "https://registry.yarnpkg.com/@visual-framework/vf-form__radio/-/vf-form__radio-1.0.0-alpha.1.tgz#2338e383dd0d76bf93d0c4d3d101dc29a16a2df3"
  integrity sha512-CkzyY5r6rRiiCijt6HYHERnPjDJA8SUOIOu5ScAwnxxkbnvxiBa5PF2kFDG2JUAj6WwlDJEyb4J/y8ZWIFCdOg==

"@visual-framework/vf-form__select@^1.0.0-alpha.1":
  version "1.0.0-alpha.1"
  resolved "https://registry.yarnpkg.com/@visual-framework/vf-form__select/-/vf-form__select-1.0.0-alpha.1.tgz#797c520c15de7f2255f33252af888ad9ea37cb6a"
  integrity sha512-DsrDlXQYG3Ku+KaKvUUzj7cYQ9QiuTljvulQt+cWTaf66ivi/RwUUrb/Eh55fncGId1yO/bSY8vShxR0Ew30/g==

"@visual-framework/vf-form__textarea@^1.0.0-alpha.1":
  version "1.0.0-alpha.1"
  resolved "https://registry.yarnpkg.com/@visual-framework/vf-form__textarea/-/vf-form__textarea-1.0.0-alpha.1.tgz#c31a19f6f388d3a0c53f0a9d05bec7f1c436636a"
  integrity sha512-8wps3NtDg16u1dTH7bVTouoO4kSeUPnhlMvCtLDeqEZNC2Z8+MAis/UwQbcp80O6WUQrmt8ZdiEy7AYjCxUN0A==
