# THIS IS AN AUTOGENERATED FILE. DO NOT EDIT THIS FILE DIRECTLY.
# yarn lockfile v1


"@visual-framework/vf-badge@^3.0.2":
  version "3.0.2"
  resolved "https://registry.yarnpkg.com/@visual-framework/vf-badge/-/vf-badge-3.0.2.tgz#d8988afc79b992644509fcc9c3a3632dd6012bc9"
  integrity sha512-QJqGLL9Cgya9RVm+nMiU3P3igNW83ggwfwhioeWcrXMMAgaoYrjCON590zBBkEeYiicRxA7rpIPuydyqti1tqQ==
  dependencies:
    "@visual-framework/vf-box" "^2.4.0"
    "@visual-framework/vf-stack" "^3.0.0"
    "@visual-framework/vf-u-fullbleed" "^1.2.2"

"@visual-framework/vf-blockquote@^1.2.5":
  version "1.2.6"
  resolved "https://registry.yarnpkg.com/@visual-framework/vf-blockquote/-/vf-blockquote-1.2.6.tgz#163aa8210f9fb24c6f871f9e39bb904c91b52173"
  integrity sha512-Hz48xpUMzJ7KnFBqB4wiwkGAsWcPsTWnp/oYqybsesamvf+2ALvs5JOnXwAjHQAi4gEVSiSUzjpg5M7b0EYyxw==
  dependencies:
    "@visual-framework/vf-profile" "^1.4.0"
    "@visual-framework/vf-text" "^1.1.1"

"@visual-framework/vf-box@^2.4.0":
  version "2.4.0"
  resolved "https://registry.yarnpkg.com/@visual-framework/vf-box/-/vf-box-2.4.0.tgz#4e8d89936a91e9ae965c3216d21f242ab1e4130e"
  integrity sha512-QusF7g7729Q5aysYZYF46fy821liqUCRs+6Rt91L2kXaGJ2VvgWAoS4UdMKvmVmcAIBaUuz0YIppmqC1IuE1TA==

"@visual-framework/vf-button@^3.0.0-alpha.0":
  version "3.0.0-alpha.0"
  resolved "https://registry.yarnpkg.com/@visual-framework/vf-button/-/vf-button-3.0.0-alpha.0.tgz#a8f953cf015393178fb5cbe81147e32b30377342"
  integrity sha512-I4iDGABcSRLMKiq9ilnibmQXfDpS6E0lljb5zjSBsnJIl/7jQfnL815jrdnRvrhpozO8dzPFizbZir8Yk8aeWw==

"@visual-framework/vf-divider@^2.0.1":
  version "2.0.1"
  resolved "https://registry.yarnpkg.com/@visual-framework/vf-divider/-/vf-divider-2.0.1.tgz#d9d426f9283b44b332f11bac6607504acc20c1b0"
  integrity sha512-qVoSxEE1lcXjqk8D5dYYDRql/f/cPf+f3oy4jHfSUN2LeEomOOGyUhIix0xzcWwy0MDimb5O/3WJE3p7L3Mcfg==

"@visual-framework/vf-figure@^2.0.0":
  version "2.0.1"
  resolved "https://registry.yarnpkg.com/@visual-framework/vf-figure/-/vf-figure-2.0.1.tgz#1bdf277a6d5ed4f7609bb8d70898ba3df9643269"
  integrity sha512-qhKRMY1zWRIWwA7AuSPfoY4UvCjHcQoe4qMjvo1BFzFvU1oBhzDZiC3ebhwVajcX+4ExM2ccPGbV91RuX9MvOA==

"@visual-framework/vf-form@^2.0.2":
  version "2.0.2"
  resolved "https://registry.yarnpkg.com/@visual-framework/vf-form/-/vf-form-2.0.2.tgz#70d5ae6ec0a38455d1ebc7cd3be6c7b4460502ec"
  integrity sha512-+GSTrcaTXjupKKqS7+d/QWO29i6EGwny7niv6CV7BQNoxs0FJNCsWmEsy7+0wcUavBCbBzH3uYngxpAyUAa4dA==
  dependencies:
    "@visual-framework/vf-form__checkbox" "^3.0.0-alpha.0"
    "@visual-framework/vf-form__fieldset" "^2.0.0-alpha.0"
    "@visual-framework/vf-form__helper" "^3.0.0-alpha.0"
    "@visual-framework/vf-form__input" "^3.0.0-alpha.1"
    "@visual-framework/vf-form__item" "^3.0.0-alpha.0"
    "@visual-framework/vf-form__label" "^3.0.0-alpha.0"
    "@visual-framework/vf-form__legend" "^2.0.2"
    "@visual-framework/vf-form__radio" "^3.0.0-alpha.0"
    "@visual-framework/vf-form__select" "^3.0.0"
    "@visual-framework/vf-form__textarea" "^3.0.0-alpha.0"

"@visual-framework/vf-form__checkbox@^3.0.0-alpha.0":
  version "3.0.0-alpha.0"
  resolved "https://registry.yarnpkg.com/@visual-framework/vf-form__checkbox/-/vf-form__checkbox-3.0.0-alpha.0.tgz#9a4153573ad369d9a616ae3596ea0809f01912be"
  integrity sha512-ZOqwzXCUfHSw3U+2bIba2+NsTXFC99+5VcFmIlvZiKLlwTJnykJ/rGuIp2NMk3C2a6ratBs3vrqnGO0QzQcoXQ==

"@visual-framework/vf-form__fieldset@^2.0.0-alpha.0":
  version "2.0.0-alpha.0"
  resolved "https://registry.yarnpkg.com/@visual-framework/vf-form__fieldset/-/vf-form__fieldset-2.0.0-alpha.0.tgz#41d54e6ab96c6f222d346c943167937a5b2b516f"
  integrity sha512-97pI8J9XpklCkmrNRCYoQR5nA/H2xj1Pr9r3ixfggupZT6PMhCkZh1gNazT9B9YwM8EYAwG5U+Dd/KDgaLRSFA==

"@visual-framework/vf-form__helper@^3.0.0-alpha.0":
  version "3.0.0-alpha.0"
  resolved "https://registry.yarnpkg.com/@visual-framework/vf-form__helper/-/vf-form__helper-3.0.0-alpha.0.tgz#2dc5f24516dad26e3e894f0a7cbab56c2065da9a"
  integrity sha512-WGOFxGJe9kLBvst4m54y9DQFIufigo4z6pdmQkfe8kD1P0IDtabzO8s1w1LgUNMbuvGJRptFi0nYA2YECimIAQ==

"@visual-framework/vf-form__input@^3.0.0-alpha.1":
  version "3.0.0-alpha.1"
  resolved "https://registry.yarnpkg.com/@visual-framework/vf-form__input/-/vf-form__input-3.0.0-alpha.1.tgz#70e2c7bff5592f36f5dff3e6c122e9ad148437c8"
  integrity sha512-YNwj/Hz4pFDs7ES1/yyfTPLvWwaK9joGJa1BQ/UAS0G8tXuXegZ6veafbCPeOahBL8IuOOd7VavQLsD4UGE02w==

"@visual-framework/vf-form__item@^3.0.0-alpha.0":
  version "3.0.0-alpha.0"
  resolved "https://registry.yarnpkg.com/@visual-framework/vf-form__item/-/vf-form__item-3.0.0-alpha.0.tgz#41af30faf5c9703c937b734df23904e9f0bf2ded"
  integrity sha512-lZMZ4JypJvbICHe+MThoaxt+U6WdkeisIOaj5yWdC45BosFGY3Hh5OaI38j7HMnIJjXBHap82rxeDcPtt0RqWg==

"@visual-framework/vf-form__label@^3.0.0-alpha.0":
  version "3.0.0-alpha.0"
  resolved "https://registry.yarnpkg.com/@visual-framework/vf-form__label/-/vf-form__label-3.0.0-alpha.0.tgz#64ab106c95f106e979f7b0172f36eadcb1f89311"
  integrity sha512-ZINO7fRCCtgRAMK+cFqkk1k0dOBGUAoJwvKEbvwCd9rTVKAMz25J6YihZFCcGwPDmRUyMBRwi3ity0pxMsr+Gw==

"@visual-framework/vf-form__legend@^2.0.2":
  version "2.0.2"
  resolved "https://registry.yarnpkg.com/@visual-framework/vf-form__legend/-/vf-form__legend-2.0.2.tgz#a16944e22aff630144f1a087031653307a634189"
  integrity sha512-1WtHP52GHK4sweBHO2rIHVl8XKacmzXamZGAJzzziLUE00GiqyYCnCNQ3+DoXKB4SQOwMT+FtmQC9fE2CRe6lQ==

"@visual-framework/vf-form__radio@^3.0.0-alpha.0":
  version "3.0.0-alpha.0"
  resolved "https://registry.yarnpkg.com/@visual-framework/vf-form__radio/-/vf-form__radio-3.0.0-alpha.0.tgz#58e82bee95f93f90a70bdc70914c61580c27ee05"
  integrity sha512-bngEDEwFOSjSNB60an2DHiqDCnnjiTu/cuBPHkvt6HbhFTEQrd9/Cjt6Vo/f9Ip6Oax+F1LBPOQD6RtMSNC2Og==

"@visual-framework/vf-form__select@^3.0.0":
  version "3.0.0"
  resolved "https://registry.yarnpkg.com/@visual-framework/vf-form__select/-/vf-form__select-3.0.0.tgz#9d8d67fbda556edf656c8903953891ff9bc8f96b"
  integrity sha512-TP5T3x4XURQABK2rK64wBDtGTO2ktmnPYKnre9jIgHl+EJgzfo5/kBLLDcSarTkwqaAVddTMT1KG0TkpM525Cg==

"@visual-framework/vf-form__textarea@^3.0.0-alpha.0":
  version "3.0.0-alpha.0"
  resolved "https://registry.yarnpkg.com/@visual-framework/vf-form__textarea/-/vf-form__textarea-3.0.0-alpha.0.tgz#d3eb392634a1a55fc0568b723f28a33c0282aeb2"
  integrity sha512-rOCqitbk/MNyei5bXjkToSMqF6d4W3pO8PIRxdWPVkFTS7KQZFVC1OpCI+m54NCTS58CYjV431aB0gm3MilSGA==

"@visual-framework/vf-heading@^1.1.0":
  version "1.1.1"
  resolved "https://registry.yarnpkg.com/@visual-framework/vf-heading/-/vf-heading-1.1.1.tgz#5865125af14102d251d5af3abca75de3042e710a"
  integrity sha512-mtjuJ/hmyBbpKhvV2T3yF43h/RiDMUVWn17lHIe9JCVbFp4oTrm0D4tfOsKk1/SIkg8CC4jh+lgCjFtkGcPSzg==

"@visual-framework/vf-link@^2.0.1":
  version "2.0.2"
  resolved "https://registry.yarnpkg.com/@visual-framework/vf-link/-/vf-link-2.0.2.tgz#c639e66ddc213e6ee3d2aec7cf2dd9da57a4789b"
  integrity sha512-1YZVzHowL4McsCod7HaolTw7BAZO3hU5z5d2c7U2ojbJGcgvk+0DgeCeShhfO+g0xgLua5BekRmtMXg5J66Vew==

"@visual-framework/vf-list@^1.1.0":
  version "1.1.1"
  resolved "https://registry.yarnpkg.com/@visual-framework/vf-list/-/vf-list-1.1.1.tgz#0a58068b2a998038b3208aa956da1b08bfda90cb"
  integrity sha512-jvRSjyI/GNH9qlxoCSL5eDysN/hnYSk/K6nPMjMkORn0TOsvScMoy6zuWViUuaNnGjwpQ1q2RxlZKK7/TqpveQ==

"@visual-framework/vf-profile@^1.4.0":
  version "1.4.0"
  resolved "https://registry.yarnpkg.com/@visual-framework/vf-profile/-/vf-profile-1.4.0.tgz#9ce2bcbc3c3d395c0ad5643c7351e4d2ea840ea4"
  integrity sha512-7K7VkwF1NwLUr6mfFM7mxdtOAH5Ym8oQsGsF55iuSkNWvsEhLw4cHvgDH/SlRIgUkH1+CJ5y7DkSX4NMcIXaAw==

"@visual-framework/vf-stack@^3.0.0":
  version "3.0.0"
  resolved "https://registry.yarnpkg.com/@visual-framework/vf-stack/-/vf-stack-3.0.0.tgz#13bf6d2516530982c5535024740764fcd533df9d"
  integrity sha512-l3PvjWhEumhIrQiia+sl/LFswpbAH71R4qmSUvIr3mzyvFmSe+8Z10LMuTVU9rIN1//NgGFGC9GvHIzZYDRkdA==

"@visual-framework/vf-text@^1.1.0", "@visual-framework/vf-text@^1.1.1":
  version "1.1.1"
  resolved "https://registry.yarnpkg.com/@visual-framework/vf-text/-/vf-text-1.1.1.tgz#228ab655aea248ef338cd1879094bfa2fca81f96"
  integrity sha512-+qu9it2IsLPeQmHwR8YE7EksmpCMVCAldgT8VNEA4lp4kPVWy2K1GnwZR7Wcv8PA4UvHdEBkXItcecPwwyimhQ==

"@visual-framework/vf-u-fullbleed@^1.2.2":
  version "1.2.2"
  resolved "https://registry.yarnpkg.com/@visual-framework/vf-u-fullbleed/-/vf-u-fullbleed-1.2.2.tgz#b61ed67dbd9e78888caced868ab338c3dd7e953e"
  integrity sha512-/dJ+c3N1ItKqoJEAYbSiL7Il3uwtiVV83h4ygy94lAbbIMwwZYbLt7vXnevhDrWZ0OY684sl5YH9d3haVjlfsw==
