# THIS IS AN AUTOGENERATED FILE. DO NOT EDIT THIS FILE DIRECTLY.
# yarn lockfile v1


"@visual-framework/vf-badge@^1.0.0-beta.1":
  version "1.0.0-beta.1"
  resolved "https://registry.yarnpkg.com/@visual-framework/vf-badge/-/vf-badge-1.0.0-beta.1.tgz#68336b1273406987ea69a37ce13eac54e4fdb493"
  integrity sha512-dsrzv9UI2Tbi1lUcwma4mAFYTBBTDEgymQSuVF9fLDVCHWVHjMxbTn9+H2KSTq/Tt/Of6fEReNDMbta9XjEGXg==

"@visual-framework/vf-blockquote@^1.0.0-beta.1":
  version "1.0.0-beta.1"
  resolved "https://registry.yarnpkg.com/@visual-framework/vf-blockquote/-/vf-blockquote-1.0.0-beta.1.tgz#2437d6ba7fda68435cf085a05f369eba768ef9d5"
  integrity sha512-wH/6L2YpTZPhW3Qxq/nEfs6LJykPTRwCLBCRGy80EHjEo4V9oFT1ILRIUyW/x1etuEF5y0D6BYvutmLtUiqEhg==

"@visual-framework/vf-box@^1.0.0-beta.1":
  version "1.0.0-beta.1"
  resolved "https://registry.yarnpkg.com/@visual-framework/vf-box/-/vf-box-1.0.0-beta.1.tgz#55f32cac47faf46a842e2f7785847d2e501d119c"
  integrity sha512-NoTqHWu/om6NwU6R5aRZt0ZvcjnFUroE+VWVAG2Y4TIZNum+BumK+GbxbskAMXoIoBllVuMG3c1e92RWuZqSjw==

"@visual-framework/vf-button@^1.0.0-beta.1":
  version "1.0.0-beta.1"
  resolved "https://registry.yarnpkg.com/@visual-framework/vf-button/-/vf-button-1.0.0-beta.1.tgz#9d51bad38eaf904b57e141abb0fe4744d16250ec"
  integrity sha512-dldMmvE5fVOVu/+2SB2Bvgb1EgX74v2CwoeMGFr2Q8HOPoLita4/d5ynr3514M7mc+HvMEZ5Z3mcNOfokpAdhQ==

"@visual-framework/vf-divider@^1.0.0-rc.1":
  version "1.0.0-rc.1"
  resolved "https://registry.yarnpkg.com/@visual-framework/vf-divider/-/vf-divider-1.0.0-rc.1.tgz#7c4c96dff7fd59d55cd788a93997d060f95fa65a"
  integrity sha512-Q82mtI6M56kb7dPgd9czpU7+0kazOO63n20V4nWl0OcGNkXmFfTKg92dvsd67q6lJmIz1qF3hQnp/LJUA71dDQ==

"@visual-framework/vf-figure@^1.0.0-alpha.1":
  version "1.0.0-alpha.1"
  resolved "https://registry.yarnpkg.com/@visual-framework/vf-figure/-/vf-figure-1.0.0-alpha.1.tgz#d10e850b33f3de5f2226c47735e43f4d6122199f"
  integrity sha512-xqYUzqy2jffPNBvvq/LjKdLy/tWOuUcMMs+5Eax16Ij7U6mdj3BwKP4Y1Wj17D+/fjYmO5tmwLJmS8VWG7FZDw==

"@visual-framework/vf-form__checkbox@^0.0.38":
  version "0.0.38"
  resolved "https://registry.yarnpkg.com/@visual-framework/vf-form__checkbox/-/vf-form__checkbox-0.0.38.tgz#a537f2c19172f8b5c7617e837996a1190a2f2dbf"
  integrity sha512-81pTnnesEpBfx3k+IuRhZv45XLC3UDX+yQ2cTrPVsLchsY14QXfe3h9TovM+WQV1uyExcDOO/QMeIrV/Nji66A==
  dependencies:
    "@visual-framework/vf-form__item" "^0.0.38"
    "@visual-framework/vf-form__label" "^0.0.34"

"@visual-framework/vf-form__core@^1.0.0-alpha.1":
  version "1.0.0-alpha.1"
  resolved "https://registry.yarnpkg.com/@visual-framework/vf-form__core/-/vf-form__core-1.0.0-alpha.1.tgz#6d9f8577659a0225756c5f1c43cff85b2f938e06"
  integrity sha512-qUh2d7JSHT6JQws94b3fLowzTvyxouVhKlSPrx/IOjd0Mb42sP7xjMSTkqu/jttn4S2dKtCr7qwaT7eMHSYV0Q==
  dependencies:
    "@visual-framework/vf-form__checkbox" "^0.0.38"
    "@visual-framework/vf-form__helper" "^0.0.37"
    "@visual-framework/vf-form__input" "^0.0.38"
    "@visual-framework/vf-form__item" "^0.0.38"
    "@visual-framework/vf-form__label" "^0.0.34"
    "@visual-framework/vf-form__radio" "^0.0.34"
    "@visual-framework/vf-form__select" "^0.0.34"
    "@visual-framework/vf-form__textarea" "^0.0.34"

"@visual-framework/vf-form__helper@^0.0.37":
  version "0.0.37"
  resolved "https://registry.yarnpkg.com/@visual-framework/vf-form__helper/-/vf-form__helper-0.0.37.tgz#957c59e0cb889481503fc2b553331e26b639bd95"
  integrity sha512-tTPVJ5DmN0RmyJmPk8YvSD+NKSJPyht2MjTe+h4I1AdyNir9PtZAYvsO1RjwiMM3kohbEr1uU4iecCLnau1LBw==

"@visual-framework/vf-form__input@^0.0.38":
  version "0.0.38"
  resolved "https://registry.yarnpkg.com/@visual-framework/vf-form__input/-/vf-form__input-0.0.38.tgz#0645a3d7aa7d88f9db9007be93aeb2b9277010bf"
  integrity sha512-WHKV73AWMuI60WbRSHY7hQHjI38JqNrHwcLKPC4HeL8tOfuTlI1DHwq2tri4xF4F8Px57UjYao4554dWogq4CA==
  dependencies:
    "@visual-framework/vf-form__item" "^0.0.38"
    "@visual-framework/vf-form__label" "^0.0.34"

"@visual-framework/vf-form__item@^0.0.38":
  version "0.0.38"
  resolved "https://registry.yarnpkg.com/@visual-framework/vf-form__item/-/vf-form__item-0.0.38.tgz#6966825b88af016bc60460884bb679250bb97758"
  integrity sha512-ATPUM/Hvq+a736UYHT4jPzHvZjmgr41ei5SerRmUG1W4Qa8tbpRlqlzphPd/TF0eeG+PkUmqyVxos7CUbzpUSA==
  dependencies:
    "@visual-framework/vf-form__helper" "^0.0.37"
    "@visual-framework/vf-form__label" "^0.0.34"

"@visual-framework/vf-form__label@^0.0.34":
  version "0.0.34"
  resolved "https://registry.yarnpkg.com/@visual-framework/vf-form__label/-/vf-form__label-0.0.34.tgz#b3b996b477cfef4e8f9414abce5018e5a7c1353e"
  integrity sha512-QdwSEptrdlqTLbX0/4gYU2yrBzPt6Ulke0hsnvl3KMG4l0tDU3/+mDS9FsboYxG57P3HxvC4moRuDNea/dXqJQ==

"@visual-framework/vf-form__radio@^0.0.34":
  version "0.0.34"
  resolved "https://registry.yarnpkg.com/@visual-framework/vf-form__radio/-/vf-form__radio-0.0.34.tgz#61869fe4d2ab3d50adfc6204e331e477a97d1238"
  integrity sha512-5le17FcJ00P/6zNtty6Jc5NGwOFWK0fP8Nk7MGK9u97XZsiOul4dMSiY3Vvp1DpqBdJaWrLLvAnp0ckcm/pX8A==

"@visual-framework/vf-form__select@^0.0.34":
  version "0.0.34"
  resolved "https://registry.yarnpkg.com/@visual-framework/vf-form__select/-/vf-form__select-0.0.34.tgz#e4ff83ff9dabf3387a7d8862cd0f065aa5c22bde"
  integrity sha512-rK73E/FTVSVfz+RgNg8OCo8T34wcE3rfevNydSk3AoNQTnISgmXICjlmwSp373aA6OyhrYosgC9ijkZYaFNQtA==

"@visual-framework/vf-form__textarea@^0.0.34":
  version "0.0.34"
  resolved "https://registry.yarnpkg.com/@visual-framework/vf-form__textarea/-/vf-form__textarea-0.0.34.tgz#920d7546523d5f054d4141ad655a0d3d46af5676"
  integrity sha512-L7lOhctCwBgEnbVWIe4sENLccJT8l/ZIcSDmKkFY9aBcnnVcnjZ3M5u/oJCi4VuVIORgCBCbHxnb3dRTL7Zfsw==

"@visual-framework/vf-heading@^1.0.0-beta.1":
  version "1.0.0-beta.1"
  resolved "https://registry.yarnpkg.com/@visual-framework/vf-heading/-/vf-heading-1.0.0-beta.1.tgz#9dd06d3db8f30bf398405126312bb4b87ca3a3e2"
  integrity sha512-pt9ZlyIpFPp9bqbea3G0MzYUJSy8hpd6dXlFnmnTRv3QFYilqZnTcHzvRKRMwmIxziZwEyKKh5x5Rwir4dMeyA==

"@visual-framework/vf-link@^1.0.0-beta.1":
  version "1.0.0-beta.1"
  resolved "https://registry.yarnpkg.com/@visual-framework/vf-link/-/vf-link-1.0.0-beta.1.tgz#e53cbda9b24f52a3e9d280c8b00857ac7b334e2d"
  integrity sha512-tp9cJzkoxcora69GAymLX5506rsJU/NQ1yLKLKvF6H4oKO4B9GmGA3SbUXTMxRX4f5QTdDXq2mN6K4xglCqbkg==

"@visual-framework/vf-list@^1.0.0-beta.1":
  version "1.0.0-beta.1"
  resolved "https://registry.yarnpkg.com/@visual-framework/vf-list/-/vf-list-1.0.0-beta.1.tgz#2642ebe44e7d0825340f95b0e0e1a8c156648555"
  integrity sha512-5pfgj1Fi9ND6KR9/MdyW6PAG0HFN6dPqjBziVmWNwwFXhZdWFDK171A5htYWuuFy5XIrAUaYuKTHkx8GVxTN/A==

"@visual-framework/vf-text@^1.0.0-beta.1":
  version "1.0.0-beta.1"
  resolved "https://registry.yarnpkg.com/@visual-framework/vf-text/-/vf-text-1.0.0-beta.1.tgz#d2039c2bdf0918381d5925a03d57c708e70d7e7b"
  integrity sha512-WMMl734NU3CDKH9ivwVQS1MEfMPQEZ80yrzpVBXehMVjA+pUqvCfis6+0TbHKjiNc0qgfNHmHuSQVRoyEV52Ig==
