# THIS IS AN AUTOGENERATED FILE. DO NOT EDIT THIS FILE DIRECTLY.
# yarn lockfile v1


"@visual-framework/vf-form__checkbox@^1.0.0":
  version "1.0.0"
  resolved "https://registry.yarnpkg.com/@visual-framework/vf-form__checkbox/-/vf-form__checkbox-1.0.0.tgz#a5bbef60c9312a353eb95725c42387465915ca80"
  integrity sha512-eDhZMQ0wiyfp1Huj1wcCwZmcincef67stB4s0FYraiiNxV9xC5TlQitGf4OMhLhobkgh0u455iiQQWtQQO9CSw==

"@visual-framework/vf-form__fieldset@^1.0.0":
  version "1.0.0"
  resolved "https://registry.yarnpkg.com/@visual-framework/vf-form__fieldset/-/vf-form__fieldset-1.0.0.tgz#858360587a66206a0e5db69a979570405e4b0c20"
  integrity sha512-dluRLkiH6ODpdYBcZxyoLr+kwmX5jq3t1uHh4C3GTl3FrCGMRKscV9ZdVODKz4y2EEAu0LUyq6BwI34K/ThSXA==

"@visual-framework/vf-form__helper@^1.0.0":
  version "1.0.0"
  resolved "https://registry.yarnpkg.com/@visual-framework/vf-form__helper/-/vf-form__helper-1.0.0.tgz#84f0ff4efa64edfde145422d11ef9965243b5f05"
  integrity sha512-siyvDtDmB1EKIqD4AZ2K757u0tvo+HF7gQSe76xe3lti2PxQbAn+lYh/kRREEUw3bSGmIj7ZebQXOEW1zB5RJA==

"@visual-framework/vf-form__input@^1.0.0":
  version "1.0.0"
  resolved "https://registry.yarnpkg.com/@visual-framework/vf-form__input/-/vf-form__input-1.0.0.tgz#01e93872127ef9eaeb4b98c5a5cb6b921056b030"
  integrity sha512-7jVV2QrxzKCzXUcCHl5u8EbQOrYuSH9STqoCZRMLkmW1/mXS51/Jg3PFiRohRoIztpTjNe/NbE031rWaF39bmw==

"@visual-framework/vf-form__item@^1.0.0":
  version "1.0.0"
  resolved "https://registry.yarnpkg.com/@visual-framework/vf-form__item/-/vf-form__item-1.0.0.tgz#5787e5e56d34f5d9a1081a475d0e8536d48a6c45"
  integrity sha512-Z3+Dp+j+wi/BO1jGS3gHkaMUhSbxBXTP5VUfCa7X4J81pgUGlw6sohA9ARt8whuunPufLtVTRqpp1P7di7fPww==

"@visual-framework/vf-form__label@^1.0.0":
  version "1.0.0"
  resolved "https://registry.yarnpkg.com/@visual-framework/vf-form__label/-/vf-form__label-1.0.0.tgz#df9af25955f530d985cc4d074359939282c01c73"
  integrity sha512-MWL4zoivfyaGfhsCXAtQG7MwXuyqGx0L2JuihvdfZ+4ygVJvQa7TMDAl75LwVBuhixn3h+cjFf/f4d8Ji2LNUA==

"@visual-framework/vf-form__legend@^1.0.0":
  version "1.0.0"
  resolved "https://registry.yarnpkg.com/@visual-framework/vf-form__legend/-/vf-form__legend-1.0.0.tgz#5ee665c09e956da12d96e6df13f5efd7fc4d989e"
  integrity sha512-cj8hQwQw9WKUMjEXBrEefKRefY1JT3b2HY4bc3mfCuWPJlBQmcXVeDvuEzMwcAEohx52QbbckXWHTurYSkhp/Q==

"@visual-framework/vf-form__radio@^1.0.0":
  version "1.0.0"
  resolved "https://registry.yarnpkg.com/@visual-framework/vf-form__radio/-/vf-form__radio-1.0.0.tgz#46a7fc364acc5633a02b0f30824ffeb65f5ea3c8"
  integrity sha512-v6Cv9m7aKWQN5jZHwKN+jmh78Bxcqli/Ow/luAgXx/rbi/DT9VGdOsKj9e7vFlUudQjoheEr0PEd4Sycfj+xEA==

"@visual-framework/vf-form__select@^1.0.0-alpha.9":
  version "1.0.0-alpha.9"
  resolved "https://registry.yarnpkg.com/@visual-framework/vf-form__select/-/vf-form__select-1.0.0-alpha.9.tgz#f52517ae53cbbe4878eb3f3dd98dcb2d56167c0d"
  integrity sha512-K6Z/ABO9oMXl0HIGDEm/gj/78RcJ15Rq2xDt0hvL5kX1hwnWXUqJR72+KZGfthVY2ysh4CNkv6rBh+mezYa0og==

"@visual-framework/vf-form__textarea@^1.0.0":
  version "1.0.0"
  resolved "https://registry.yarnpkg.com/@visual-framework/vf-form__textarea/-/vf-form__textarea-1.0.0.tgz#7509cfd9ea4bbff15496d6436797afdcf20ab5ae"
  integrity sha512-biqH3Oe+Is/inXSchZK7YRjK2Ab3lu/HkPwbqWgQosUGGnqINACikh8WfMzS1vvMW0CKaQ6C3j/O+lVgUYvTng==
