{
  "name": "@visual-framework/vf-sass-starter",
  "version": "0.1.16",
  "lockfileVersion": 1,
  "requires": true,
  "dependencies": {
    "@visual-framework/vf-design-tokens": {
      "version": "1.0.7",
      "resolved": "https://registry.npmjs.org/@visual-framework/vf-design-tokens/-/vf-design-tokens-1.0.7.tgz",
      "integrity": "sha512-FYy4IenTQmX6QdMOAUE240b3TRwwWPyHOcFBvY9r8Zbe2k/gba2RMC1DGPXjHfKLP01fiC6DI5mp9GFYMCLTGQ=="
    },
    "@visual-framework/vf-font-plex-mono": {
      "version": "1.0.0",
      "resolved": "https://registry.npmjs.org/@visual-framework/vf-font-plex-mono/-/vf-font-plex-mono-1.0.0.tgz",
      "integrity": "sha512-onKhRDXH7c7ELv5IHSdU+gEfuVOeDn/BI6VUs9LdfsOCZQddF+1xgx+0rBDO1/3w/+z+/hfKPzACItvOrpggyA=="
    },
    "@visual-framework/vf-font-plex-sans": {
      "version": "1.0.0",
      "resolved": "https://registry.npmjs.org/@visual-framework/vf-font-plex-sans/-/vf-font-plex-sans-1.0.0.tgz",
      "integrity": "sha512-k0yxRBj52xaW17r1aFscLjxKizhkzxryXySalJMJpgBZpF5MccZBlbMzGxKVUnV2I66e4JP1FLZ6j1NxielKcg=="
    },
    "@visual-framework/vf-sass-config": {
      "version": "1.0.3",
      "resolved": "https://registry.npmjs.org/@visual-framework/vf-sass-config/-/vf-sass-config-1.0.3.tgz",
      "integrity": "sha512-lrxPQOvSgjV3/KhkXcvo2z//zWTuLxSY1gBO7gqiMEVkYGjUKDOK425hUV2hOVXnX+gIRPODxxqaIIkU8o0yQg=="
    },
    "@visual-framework/vf-utility-classes": {
      "version": "1.0.3",
      "resolved": "https://registry.npmjs.org/@visual-framework/vf-utility-classes/-/vf-utility-classes-1.0.3.tgz",
      "integrity": "sha512-Jm65jsDELyun3lZ+5poJ6AmzoCrWlQZ4Ej5r/T+Ia1NkfpaZoTzud/lxulgoKik0iHWZuBKI2JyIcdfcFlNFzQ=="
    }
  }
}
