{
	"name": "@visual-framework/vf-masthead",
	"version": "0.0.31",
	"lockfileVersion": 1,
	"requires": true,
	"dependencies": {
		"@visual-framework/vf-grid": {
			"version": "0.0.31",
			"resolved": "https://registry.npmjs.org/@visual-framework/vf-grid/-/vf-grid-0.0.31.tgz",
			"integrity": "sha512-RWql4ZFIUhHLajpl0s0ywANbzY0BvGK0oxR55mOewl/QVXPf47/yLIMt+l89FmMPczZlQGS2TWRE95jfsAuLlw=="
		}
	}
}
