# THIS IS AN AUTOGENERATED FILE. DO NOT EDIT THIS FILE DIRECTLY.
# yarn lockfile v1


"@visual-framework/vf-global-header@^0.0.37":
  version "0.0.37"
  resolved "https://registry.yarnpkg.com/@visual-framework/vf-global-header/-/vf-global-header-0.0.37.tgz#52a579bf7a36b7aee7a5f5338efa327a14ef6bf3"
  dependencies:
    "@visual-framework/vf-logo" "^0.0.37"
    "@visual-framework/vf-navigation" "^0.0.37"

"@visual-framework/vf-grid@^0.0.37":
  version "0.0.37"
  resolved "https://registry.yarnpkg.com/@visual-framework/vf-grid/-/vf-grid-0.0.37.tgz#672edf335aa597513683d94b10c62aebdd23b7af"

"@visual-framework/vf-list@^0.0.36":
  version "0.0.36"
  resolved "https://registry.yarnpkg.com/@visual-framework/vf-list/-/vf-list-0.0.36.tgz#d760583d886b80e3dace309d8e46a41506927202"

"@visual-framework/vf-logo@^0.0.37":
  version "0.0.37"
  resolved "https://registry.yarnpkg.com/@visual-framework/vf-logo/-/vf-logo-0.0.37.tgz#88464930578d9fbaddc2f74560a69c34e7ca5e98"

"@visual-framework/vf-masthead@^0.0.38":
  version "0.0.38"
  resolved "https://registry.yarnpkg.com/@visual-framework/vf-masthead/-/vf-masthead-0.0.38.tgz#2f3621fbbc7af83925c7ffaced8a789805ee47ce"
  dependencies:
    "@visual-framework/vf-grid" "^0.0.37"

"@visual-framework/vf-navigation@^0.0.37":
  version "0.0.37"
  resolved "https://registry.yarnpkg.com/@visual-framework/vf-navigation/-/vf-navigation-0.0.37.tgz#f7029ecfdaffce400a7c2fbdae2144aba24128d6"
  dependencies:
    "@visual-framework/vf-list" "^0.0.36"
