{
  "name": "@visual-framework/vf-form__core",
  "version": "0.0.36",
  "lockfileVersion": 1,
  "requires": true,
  "dependencies": {
    "@visual-framework/vf-form__checkbox": {
      "version": "0.0.36",
      "resolved": "https://registry.npmjs.org/@visual-framework/vf-form__checkbox/-/vf-form__checkbox-0.0.36.tgz",
      "integrity": "sha512-8aERRdkYYHFWG197+2aL3cLFsqQXB5tKzo8RF4aDMLkzMDSqDkIZUjs7IZRQrfJ8nmp6WaoxeQDDQvqQTvj/cw==",
      "requires": {
        "@visual-framework/vf-form__item": "^0.0.36",
        "@visual-framework/vf-form__label": "^0.0.32"
      },
      "dependencies": {
        "@visual-framework/vf-form__item": {
          "version": "0.0.36",
          "resolved": "https://registry.npmjs.org/@visual-framework/vf-form__item/-/vf-form__item-0.0.36.tgz",
          "integrity": "sha512-V2IAJV5MDVQlaxioo3kAQxH71s0pVjQpsNWZfVWlkY9fAcP9mrmt3vUEJFkS0iWXl7uFdvqBIHoqIhVNhmkXNw==",
          "requires": {
            "@visual-framework/vf-form__helper": "^0.0.35",
            "@visual-framework/vf-form__label": "^0.0.32"
          }
        }
      }
    },
    "@visual-framework/vf-form__helper": {
      "version": "0.0.35",
      "resolved": "https://registry.npmjs.org/@visual-framework/vf-form__helper/-/vf-form__helper-0.0.35.tgz",
      "integrity": "sha512-tYZLsuZKwoZG5JPQOt8WhEKYcXZfDrEDnTZ4JsZu193NAoIjExpW67mKkwbdyZzR/hI0LKE4jOVWOkjuIsCIHg=="
    },
    "@visual-framework/vf-form__input": {
      "version": "0.0.36",
      "resolved": "https://registry.npmjs.org/@visual-framework/vf-form__input/-/vf-form__input-0.0.36.tgz",
      "integrity": "sha512-4ZV/oSD/f54pvwi4Wqc4QNA6H5sJaAO6JrL6uCnNk3FCNzGuZUKHVEq4NZBg3VIiMIxrKqGeFjB7cxny1tsStg==",
      "requires": {
        "@visual-framework/vf-form__item": "^0.0.36",
        "@visual-framework/vf-form__label": "^0.0.32"
      }
    },
    "@visual-framework/vf-form__item": {
      "version": "0.0.36",
      "resolved": "https://registry.npmjs.org/@visual-framework/vf-form__item/-/vf-form__item-0.0.36.tgz",
      "integrity": "sha512-V2IAJV5MDVQlaxioo3kAQxH71s0pVjQpsNWZfVWlkY9fAcP9mrmt3vUEJFkS0iWXl7uFdvqBIHoqIhVNhmkXNw==",
      "requires": {
        "@visual-framework/vf-form__helper": "^0.0.35",
        "@visual-framework/vf-form__label": "^0.0.32"
      }
    },
    "@visual-framework/vf-form__label": {
      "version": "0.0.32",
      "resolved": "https://registry.npmjs.org/@visual-framework/vf-form__label/-/vf-form__label-0.0.32.tgz",
      "integrity": "sha512-Hr9nLwVhmx22QZXJsvnzaLszC/HNL4gd9fQOhb6htSYRosXafjtBA8pUbuE6lJUCJYaxsIOeBSccyds5a+fq9g=="
    },
    "@visual-framework/vf-form__radio": {
      "version": "0.0.32",
      "resolved": "https://registry.npmjs.org/@visual-framework/vf-form__radio/-/vf-form__radio-0.0.32.tgz",
      "integrity": "sha512-6zITdibRhErKBNI8zT8fsidbO1e67jwqYKtoDEVXuXm8j8lsudCFLWRpvAn9PG/vAR1XR6cCxiyr7Z5TGbgfJQ=="
    },
    "@visual-framework/vf-form__select": {
      "version": "0.0.32",
      "resolved": "https://registry.npmjs.org/@visual-framework/vf-form__select/-/vf-form__select-0.0.32.tgz",
      "integrity": "sha512-wjNoAg4cRepK59ge4Uwh6J6ruo2YmAXoD5un2tK4lwxKwA7WWgdmh7Y0CAatupSqplObrndrbkuz0CHAjqm5KQ=="
    },
    "@visual-framework/vf-form__textarea": {
      "version": "0.0.32",
      "resolved": "https://registry.npmjs.org/@visual-framework/vf-form__textarea/-/vf-form__textarea-0.0.32.tgz",
      "integrity": "sha512-fI2EjKMpz4Ze2nNr6qFh9SinQDjy7mzUriU6w0B0UCEkK+oM84pi+Kg1H9A8XooCmbu9IJtJGfpdEY7w4I6qag=="
    }
  }
}
