{
  "name": "@visual-framework/vf-form__core",
  "version": "0.0.31",
  "lockfileVersion": 1,
  "requires": true,
  "dependencies": {
    "@visual-framework/vf-form__checkbox": {
      "version": "0.0.30",
      "resolved": "https://registry.npmjs.org/@visual-framework/vf-form__checkbox/-/vf-form__checkbox-0.0.30.tgz",
      "integrity": "sha512-Xd8guk5AtYw1DI0WrBYWK0ILOC2IWFEk9huoXyT60ynWfMED2loN3DV6/c1rnOqtll4OHryfELAn7Clm47P04A==",
      "requires": {
        "@visual-framework/vf-form__item": "^0.0.30",
        "@visual-framework/vf-form__label": "^0.0.26",
        "@visual-framework/vf-sass-config": "^0.0.26",
        "node-normalize-scss": "^8.0.0"
      },
      "dependencies": {
        "@visual-framework/vf-form__label": {
          "version": "0.0.26",
          "resolved": "https://registry.npmjs.org/@visual-framework/vf-form__label/-/vf-form__label-0.0.26.tgz",
          "integrity": "sha512-TFrBT3s0GmVlQFWMA/lOjVIcvsDD1q012iqYIVi21vHCJ9KQYqpirIcF6iGfptrI4Znh+n6v/K+m/txy6QbrRg=="
        }
      }
    },
    "@visual-framework/vf-form__helper": {
      "version": "0.0.30",
      "resolved": "https://registry.npmjs.org/@visual-framework/vf-form__helper/-/vf-form__helper-0.0.30.tgz",
      "integrity": "sha512-vkyTXOI6jBHtQHOVlWcG9eMoIaw8tR3ZQu7SCIeAik1FmEpUpDEDWKrIJP+os0Gi3mOcfcjW2mEFV3mkOo32zA=="
    },
    "@visual-framework/vf-form__input": {
      "version": "0.0.30",
      "resolved": "https://registry.npmjs.org/@visual-framework/vf-form__input/-/vf-form__input-0.0.30.tgz",
      "integrity": "sha512-693d8hbVw3fIy/leTeoElA6NScSeGQ2GZtzv87lVVMbKA8KLSR5z1t4Nn4eeyDnhz5I+oVjSocH9/tQIix6rPA==",
      "requires": {
        "@visual-framework/vf-form__item": "^0.0.30",
        "@visual-framework/vf-form__label": "^0.0.26",
        "@visual-framework/vf-sass-config": "^0.0.26",
        "node-normalize-scss": "^8.0.0"
      },
      "dependencies": {
        "@visual-framework/vf-form__label": {
          "version": "0.0.26",
          "resolved": "https://registry.npmjs.org/@visual-framework/vf-form__label/-/vf-form__label-0.0.26.tgz",
          "integrity": "sha512-TFrBT3s0GmVlQFWMA/lOjVIcvsDD1q012iqYIVi21vHCJ9KQYqpirIcF6iGfptrI4Znh+n6v/K+m/txy6QbrRg=="
        }
      }
    },
    "@visual-framework/vf-form__item": {
      "version": "0.0.30",
      "resolved": "https://registry.npmjs.org/@visual-framework/vf-form__item/-/vf-form__item-0.0.30.tgz",
      "integrity": "sha512-/tWhRL/BjmGbq6t2snU1Pigc1EKaE7blokAVCcppqSWYfZ/5tFNl0z2JPBa6VY0egda87vr5I+v4fSoEVJxQWA==",
      "requires": {
        "@visual-framework/vf-form__helper": "^0.0.29",
        "@visual-framework/vf-form__label": "^0.0.26",
        "@visual-framework/vf-sass-config": "^0.0.26",
        "node-normalize-scss": "^8.0.0"
      },
      "dependencies": {
        "@visual-framework/vf-form__helper": {
          "version": "0.0.29",
          "resolved": "https://registry.npmjs.org/@visual-framework/vf-form__helper/-/vf-form__helper-0.0.29.tgz",
          "integrity": "sha512-D9MruCXnr1WoOSAingrxSm7PHGbsHZZi7CC1kQ1xMUamK91IrQV/G8x9AO+Y4FuS//r5LYnxQL8cUSpcTa5hKw==",
          "requires": {
            "@visual-framework/vf-sass-config": "^0.0.26",
            "node-normalize-scss": "^8.0.0"
          }
        },
        "@visual-framework/vf-form__label": {
          "version": "0.0.26",
          "resolved": "https://registry.npmjs.org/@visual-framework/vf-form__label/-/vf-form__label-0.0.26.tgz",
          "integrity": "sha512-TFrBT3s0GmVlQFWMA/lOjVIcvsDD1q012iqYIVi21vHCJ9KQYqpirIcF6iGfptrI4Znh+n6v/K+m/txy6QbrRg=="
        }
      }
    },
    "@visual-framework/vf-form__label": {
      "version": "0.0.27",
      "resolved": "https://registry.npmjs.org/@visual-framework/vf-form__label/-/vf-form__label-0.0.27.tgz",
      "integrity": "sha512-IazLlxSTuebp6SFexVZWi3J/8VVzOEHtvKozGsgmx86Vt0nZ/78LNBSPFxi16mOJ/Wnd+SR8AYNqXo6AxPbhzw=="
    },
    "@visual-framework/vf-form__radio": {
      "version": "0.0.27",
      "resolved": "https://registry.npmjs.org/@visual-framework/vf-form__radio/-/vf-form__radio-0.0.27.tgz",
      "integrity": "sha512-M87LmqIjO1oDfzgAccEFpqPQryxxv8yhKPkXD+x6Ryid4nenN3aY8NY5Rb/VNFj40Gmbz9bljqTRzwDvkITRFA=="
    },
    "@visual-framework/vf-form__select": {
      "version": "0.0.27",
      "resolved": "https://registry.npmjs.org/@visual-framework/vf-form__select/-/vf-form__select-0.0.27.tgz",
      "integrity": "sha512-BUmH1kuEkLA4kVRiq8/1prtUvqUwlGP4nA7pdnyKk+1CX1/Odr5kmMzlpYzcWFA1C4NEePCNPVn3PSKLw/41EA=="
    },
    "@visual-framework/vf-form__textarea": {
      "version": "0.0.27",
      "resolved": "https://registry.npmjs.org/@visual-framework/vf-form__textarea/-/vf-form__textarea-0.0.27.tgz",
      "integrity": "sha512-N+k37CefxYVkF0IXMwG+/DOoM//4uBHRc6g7aDjKy9DWnpyK8W6Hy8r6umn2IhVmHA5MBJ9FFakY4/7aW8wZeQ=="
    },
    "@visual-framework/vf-sass-config": {
      "version": "0.0.26",
      "resolved": "https://registry.npmjs.org/@visual-framework/vf-sass-config/-/vf-sass-config-0.0.26.tgz",
      "integrity": "sha512-4ddEDlaCBITpN5iOYQBRhYWIR1Hd5uG6v2qiy0nx0lkrrP55tA5PgWKgradVMMEptznDLz/45gawLsVR0BX7MA==",
      "requires": {
        "node-normalize-scss": "^8.0.0"
      }
    },
    "node-normalize-scss": {
      "version": "8.0.0",
      "resolved": "https://registry.npmjs.org/node-normalize-scss/-/node-normalize-scss-8.0.0.tgz",
      "integrity": "sha512-eQMVmvs2Hj33v3m/jstZOBGOr0lO+Rr3tamGdZxBtiUbJ/WXywsLz/LhVQDSugxG4TEnfYyGxdfbRVKNxw+x7g=="
    }
  }
}
