# THIS IS AN AUTOGENERATED FILE. DO NOT EDIT THIS FILE DIRECTLY.
# yarn lockfile v1


"@visual-framework/vf-form__checkbox@^0.0.37":
  version "0.0.37"
  resolved "https://registry.yarnpkg.com/@visual-framework/vf-form__checkbox/-/vf-form__checkbox-0.0.37.tgz#cc2a1f7b7e7eaefbdd076e04f5d1e89fa0d236a0"
  dependencies:
    "@visual-framework/vf-form__item" "^0.0.37"
    "@visual-framework/vf-form__label" "^0.0.33"

"@visual-framework/vf-form__helper@^0.0.36":
  version "0.0.36"
  resolved "https://registry.yarnpkg.com/@visual-framework/vf-form__helper/-/vf-form__helper-0.0.36.tgz#f0f5aee7dbb7a301bf233e32f3fd9539e9d1a64c"

"@visual-framework/vf-form__input@^0.0.37":
  version "0.0.37"
  resolved "https://registry.yarnpkg.com/@visual-framework/vf-form__input/-/vf-form__input-0.0.37.tgz#76c1125d8bd1c7b9ed3a1c6fa55af0a1c3ac1d67"
  dependencies:
    "@visual-framework/vf-form__item" "^0.0.37"
    "@visual-framework/vf-form__label" "^0.0.33"

"@visual-framework/vf-form__item@^0.0.37":
  version "0.0.37"
  resolved "https://registry.yarnpkg.com/@visual-framework/vf-form__item/-/vf-form__item-0.0.37.tgz#f471855d723fa222fb3a823425ea64b4911db531"
  dependencies:
    "@visual-framework/vf-form__helper" "^0.0.36"
    "@visual-framework/vf-form__label" "^0.0.33"

"@visual-framework/vf-form__label@^0.0.33":
  version "0.0.33"
  resolved "https://registry.yarnpkg.com/@visual-framework/vf-form__label/-/vf-form__label-0.0.33.tgz#cda35c22c62e4607c62de8d4561668e52bd4465d"

"@visual-framework/vf-form__radio@^0.0.33":
  version "0.0.33"
  resolved "https://registry.yarnpkg.com/@visual-framework/vf-form__radio/-/vf-form__radio-0.0.33.tgz#abc78d1d8c836334419024301fa798d7f85c8371"

"@visual-framework/vf-form__select@^0.0.33":
  version "0.0.33"
  resolved "https://registry.yarnpkg.com/@visual-framework/vf-form__select/-/vf-form__select-0.0.33.tgz#e86a421e3cf969b6bf7c4b1b948e427b0df2bc55"

"@visual-framework/vf-form__textarea@^0.0.33":
  version "0.0.33"
  resolved "https://registry.yarnpkg.com/@visual-framework/vf-form__textarea/-/vf-form__textarea-0.0.33.tgz#ccd1b3dd53e27c19371befccfa7e1256ba8bbeb0"
