# THIS IS AN AUTOGENERATED FILE. DO NOT EDIT THIS FILE DIRECTLY.
# yarn lockfile v1


"@visual-framework/vf-activity-list@^1.0.0-alpha.1":
  version "1.0.0-alpha.1"
  resolved "https://registry.yarnpkg.com/@visual-framework/vf-activity-list/-/vf-activity-list-1.0.0-alpha.1.tgz#d92fcc0ed6dd8ee2792d97dd8caa65b4531dd68b"
  integrity sha512-/h2QM+LEvf1toewK7hCs2fjOLzr8TDpcC2rTV2rbfDdzzUw0wYPnHuDonq4byVSn0Yv+znxO7U0nLS1laH5TgQ==
  dependencies:
    "@visual-framework/vf-blockquote" "^0.0.37"
    "@visual-framework/vf-list" "^0.0.37"

"@visual-framework/vf-blockquote@^0.0.37":
  version "0.0.37"
  resolved "https://registry.yarnpkg.com/@visual-framework/vf-blockquote/-/vf-blockquote-0.0.37.tgz#005c99c4c01fb55766427c84b9d51aa45096ebf5"
  integrity sha512-avTzGWsFHD5gdBjD3HoattAt6riwe1oEfQMgSh4LTVz6z7jiLAJpex0zkZO0SdFnDGrgpG6mtU34cdfDwMZF+A==

"@visual-framework/vf-list@^0.0.37":
  version "0.0.37"
  resolved "https://registry.yarnpkg.com/@visual-framework/vf-list/-/vf-list-0.0.37.tgz#002e83f641700ab9e1f6761319b9675c504a88a3"
  integrity sha512-w04x3Pb/AeS7oBiRNfa0sgAsxMei+XmxuEKyLgcosc4a2wiBe4xsApy/AkCeJXVLsH+mltO0hwUzDUPJkJg36A==
