# THIS IS AN AUTOGENERATED FILE. DO NOT EDIT THIS FILE DIRECTLY.
# yarn lockfile v1


"@visual-framework/vf-form__helper@^0.0.36":
  version "0.0.36"
  resolved "https://registry.yarnpkg.com/@visual-framework/vf-form__helper/-/vf-form__helper-0.0.36.tgz#f0f5aee7dbb7a301bf233e32f3fd9539e9d1a64c"

"@visual-framework/vf-form__item@^0.0.37":
  version "0.0.37"
  resolved "https://registry.yarnpkg.com/@visual-framework/vf-form__item/-/vf-form__item-0.0.37.tgz#f471855d723fa222fb3a823425ea64b4911db531"
  dependencies:
    "@visual-framework/vf-form__helper" "^0.0.36"
    "@visual-framework/vf-form__label" "^0.0.33"

"@visual-framework/vf-form__label@^0.0.33":
  version "0.0.33"
  resolved "https://registry.yarnpkg.com/@visual-framework/vf-form__label/-/vf-form__label-0.0.33.tgz#cda35c22c62e4607c62de8d4561668e52bd4465d"
