{
	"name": "@visual-framework/vf-summary-container",
	"version": "0.0.32",
	"lockfileVersion": 1,
	"requires": true,
	"dependencies": {
		"@visual-framework/embl-grid": {
			"version": "0.0.31",
			"resolved": "https://registry.npmjs.org/@visual-framework/embl-grid/-/embl-grid-0.0.31.tgz",
			"integrity": "sha512-p+fWaTRuaELepTXZgGxROWWZW9zhDnDMoej5Ep9BYQH8D8epASg00fuUtCTjYoJXycvX9A49mxJNHUPLzjzpKA=="
		},
		"@visual-framework/vf-grid": {
			"version": "0.0.31",
			"resolved": "https://registry.npmjs.org/@visual-framework/vf-grid/-/vf-grid-0.0.31.tgz",
			"integrity": "sha512-RWql4ZFIUhHLajpl0s0ywANbzY0BvGK0oxR55mOewl/QVXPf47/yLIMt+l89FmMPczZlQGS2TWRE95jfsAuLlw=="
		},
		"@visual-framework/vf-heading": {
			"version": "0.0.30",
			"resolved": "https://registry.npmjs.org/@visual-framework/vf-heading/-/vf-heading-0.0.30.tgz",
			"integrity": "sha512-3TGbA1tVcJ8RLcUU2uzCctZsMgsYDBUclyPvIIaROiIeKv+9Rk1wcfgAv7ABI9LrnkqWIECiqQPRi50SobPDSA=="
		},
		"@visual-framework/vf-section-header": {
			"version": "0.0.31",
			"resolved": "https://registry.npmjs.org/@visual-framework/vf-section-header/-/vf-section-header-0.0.31.tgz",
			"integrity": "sha512-+eRY06ONrcSdvMH/3kg7lPewshwUyyq0z89GD2SFEtwA1rrJi/NKlT39ONcv1yd4eRlLo5CLefF9N4meaHOiWw==",
			"requires": {
				"@visual-framework/vf-heading": "^0.0.30"
			}
		},
		"@visual-framework/vf-summary": {
			"version": "0.0.31",
			"resolved": "https://registry.npmjs.org/@visual-framework/vf-summary/-/vf-summary-0.0.31.tgz",
			"integrity": "sha512-Td5a/inBNDSfbNwvKI22EmQJnphi4Nj7uGkAcYPBJZ/KZkKSz52IW2tEn18D1KCTDSzdQCV0WZMh/Z0oK6C6cw==",
			"requires": {
				"@visual-framework/vf-heading": "^0.0.30",
				"@visual-framework/vf-text": "^0.0.30"
			}
		},
		"@visual-framework/vf-text": {
			"version": "0.0.30",
			"resolved": "https://registry.npmjs.org/@visual-framework/vf-text/-/vf-text-0.0.30.tgz",
			"integrity": "sha512-VBo3GIN465Rq14NADsOlc9VyFMAmQJmMjUhDlXe75yutnJel7GMojqALi5TmU5fCdtuVqw2bvDejheXS5OP7Mw=="
		}
	}
}
